// !$*UTF8*$!
{
	archiveVersion = 1;
	classes = {
	};
	objectVersion = 46;
	objects = {

/* Begin PBXBuildFile section */
		82910AB01BD48CDF00B665A7 /* main.m in Sources */ = {isa = PBXBuildFile; fileRef = 82910AAF1BD48CDF00B665A7 /* main.m */; };
		82910AB31BD48CDF00B665A7 /* AppDelegate.m in Sources */ = {isa = PBXBuildFile; fileRef = 82910AB21BD48CDF00B665A7 /* AppDelegate.m */; };
		82910AB61BD48CDF00B665A7 /* ViewController.m in Sources */ = {isa = PBXBuildFile; fileRef = 82910AB51BD48CDF00B665A7 /* ViewController.m */; };
		82910AB91BD48CDF00B665A7 /* Main.storyboard in Resources */ = {isa = PBXBuildFile; fileRef = 82910AB71BD48CDF00B665A7 /* Main.storyboard */; };
		82910ABB1BD48CDF00B665A7 /* Images.xcassets in Resources */ = {isa = PBXBuildFile; fileRef = 82910ABA1BD48CDF00B665A7 /* Images.xcassets */; };
		82910ABE1BD48CDF00B665A7 /* LaunchScreen.xib in Resources */ = {isa = PBXBuildFile; fileRef = 82910ABC1BD48CDF00B665A7 /* LaunchScreen.xib */; };
		82910ACA1BD48CDF00B665A7 /* GitHubTests.m in Sources */ = {isa = PBXBuildFile; fileRef = 82910AC91BD48CDF00B665A7 /* GitHubTests.m */; };
/* End PBXBuildFile section */

/* Begin PBXContainerItemProxy section */
		82910AC41BD48CDF00B665A7 /* PBXContainerItemProxy */ = {
			isa = PBXContainerItemProxy;
			containerPortal = 82910AA21BD48CDF00B665A7 /* Project object */;
			proxyType = 1;
			remoteGlobalIDString = 82910AA91BD48CDF00B665A7;
			remoteInfo = GitHub;
		};
/* End PBXContainerItemProxy section */

/* Begin PBXFileReference section */
		82910AAA1BD48CDF00B665A7 /* GitHub.app */ = {isa = PBXFileReference; explicitFileType = wrapper.application; includeInIndex = 0; path = GitHub.app; sourceTree = BUILT_PRODUCTS_DIR; };
		82910AAE1BD48CDF00B665A7 /* Info.plist */ = {isa = PBXFileReference; lastKnownFileType = text.plist.xml; path = Info.plist; sourceTree = "<group>"; };
		82910AAF1BD48CDF00B665A7 /* main.m */ = {isa = PBXFileReference; lastKnownFileType = sourcecode.c.objc; path = main.m; sourceTree = "<group>"; };
		82910AB11BD48CDF00B665A7 /* AppDelegate.h */ = {isa = PBXFileReference; lastKnownFileType = sourcecode.c.h; path = AppDelegate.h; sourceTree = "<group>"; };
		82910AB21BD48CDF00B665A7 /* AppDelegate.m */ = {isa = PBXFileReference; lastKnownFileType = sourcecode.c.objc; path = AppDelegate.m; sourceTree = "<group>"; };
		82910AB41BD48CDF00B665A7 /* ViewController.h */ = {isa = PBXFileReference; lastKnownFileType = sourcecode.c.h; path = ViewController.h; sourceTree = "<group>"; };
		82910AB51BD48CDF00B665A7 /* ViewController.m */ = {isa = PBXFileReference; lastKnownFileType = sourcecode.c.objc; path = ViewController.m; sourceTree = "<group>"; };
		82910AB81BD48CDF00B665A7 /* Base */ = {isa = PBXFileReference; lastKnownFileType = file.storyboard; name = Base; path = Base.lproj/Main.storyboard; sourceTree = "<group>"; };
		82910ABA1BD48CDF00B665A7 /* Images.xcassets */ = {isa = PBXFileReference; lastKnownFileType = folder.assetcatalog; path = Images.xcassets; sourceTree = "<group>"; };
		82910ABD1BD48CDF00B665A7 /* Base */ = {isa = PBXFileReference; lastKnownFileType = file.xib; name = Base; path = Base.lproj/LaunchScreen.xib; sourceTree = "<group>"; };
		82910AC31BD48CDF00B665A7 /* GitHubTests.xctest */ = {isa = PBXFileReference; explicitFileType = wrapper.cfbundle; includeInIndex = 0; path = GitHubTests.xctest; sourceTree = BUILT_PRODUCTS_DIR; };
		82910AC81BD48CDF00B665A7 /* Info.plist */ = {isa = PBXFileReference; lastKnownFileType = text.plist.xml; path = Info.plist; sourceTree = "<group>"; };
		82910AC91BD48CDF00B665A7 /* GitHubTests.m */ = {isa = PBXFileReference; lastKnownFileType = sourcecode.c.objc; path = GitHubTests.m; sourceTree = "<group>"; };
/* End PBXFileReference section */

/* Begin PBXFrameworksBuildPhase section */
		82910AA71BD48CDF00B665A7 /* Frameworks */ = {
			isa = PBXFrameworksBuildPhase;
			buildActionMask = 2147483647;
			files = (
			);
			runOnlyForDeploymentPostprocessing = 0;
		};
		82910AC01BD48CDF00B665A7 /* Frameworks */ = {
			isa = PBXFrameworksBuildPhase;
			buildActionMask = 2147483647;
			files = (
			);
			runOnlyForDeploymentPostprocessing = 0;
		};
/* End PBXFrameworksBuildPhase section */

/* Begin PBXGroup section */
		82910AA11BD48CDF00B665A7 = {
			isa = PBXGroup;
			children = (
				82910AAC1BD48CDF00B665A7 /* GitHub */,
				82910AC61BD48CDF00B665A7 /* GitHubTests */,
				82910AAB1BD48CDF00B665A7 /* Products */,
			);
			sourceTree = "<group>";
		};
		82910AAB1BD48CDF00B665A7 /* Products */ = {
			isa = PBXGroup;
			children = (
				82910AAA1BD48CDF00B665A7 /* GitHub.app */,
				82910AC31BD48CDF00B665A7 /* GitHubTests.xctest */,
			);
			name = Products;
			sourceTree = "<group>";
		};
		82910AAC1BD48CDF00B665A7 /* GitHub */ = {
			isa = PBXGroup;
			children = (
				82910AB11BD48CDF00B665A7 /* AppDelegate.h */,
				82910AB21BD48CDF00B665A7 /* AppDelegate.m */,
				82910AB41BD48CDF00B665A7 /* ViewController.h */,
				82910AB51BD48CDF00B665A7 /* ViewController.m */,
				82910AB71BD48CDF00B665A7 /* Main.storyboard */,
				82910ABA1BD48CDF00B665A7 /* Images.xcassets */,
				82910ABC1BD48CDF00B665A7 /* LaunchScreen.xib */,
				82910AAD1BD48CDF00B665A7 /* Supporting Files */,
			);
			path = GitHub;
			sourceTree = "<group>";
		};
		82910AAD1BD48CDF00B665A7 /* Supporting Files */ = {
			isa = PBXGroup;
			children = (
				82910AAE1BD48CDF00B665A7 /* Info.plist */,
				82910AAF1BD48CDF00B665A7 /* main.m */,
			);
			name = "Supporting Files";
			sourceTree = "<group>";
		};
		82910AC61BD48CDF00B665A7 /* GitHubTests */ = {
			isa = PBXGroup;
			children = (
				82910AC91BD48CDF00B665A7 /* GitHubTests.m */,
				82910AC71BD48CDF00B665A7 /* Supporting Files */,
			);
			path = GitHubTests;
			sourceTree = "<group>";
		};
		82910AC71BD48CDF00B665A7 /* Supporting Files */ = {
			isa = PBXGroup;
			children = (
				82910AC81BD48CDF00B665A7 /* Info.plist */,
			);
			name = "Supporting Files";
			sourceTree = "<group>";
		};
/* End PBXGroup section */

/* Begin PBXNativeTarget section */
		82910AA91BD48CDF00B665A7 /* GitHub */ = {
			isa = PBXNativeTarget;
			buildConfigurationList = 82910ACD1BD48CDF00B665A7 /* Build configuration list for PBXNativeTarget "GitHub" */;
			buildPhases = (
				82910AA61BD48CDF00B665A7 /* Sources */,
				82910AA71BD48CDF00B665A7 /* Frameworks */,
				82910AA81BD48CDF00B665A7 /* Resources */,
			);
			buildRules = (
			);
			dependencies = (
			);
			name = GitHub;
			productName = GitHub;
			productReference = 82910AAA1BD48CDF00B665A7 /* GitHub.app */;
			productType = "com.apple.product-type.application";
		};
		82910AC21BD48CDF00B665A7 /* GitHubTests */ = {
			isa = PBXNativeTarget;
			buildConfigurationList = 82910AD01BD48CDF00B665A7 /* Build configuration list for PBXNativeTarget "GitHubTests" */;
			buildPhases = (
				82910ABF1BD48CDF00B665A7 /* Sources */,
				82910AC01BD48CDF00B665A7 /* Frameworks */,
				82910AC11BD48CDF00B665A7 /* Resources */,
			);
			buildRules = (
			);
			dependencies = (
				82910AC51BD48CDF00B665A7 /* PBXTargetDependency */,
			);
			name = GitHubTests;
			productName = GitHubTests;
			productReference = 82910AC31BD48CDF00B665A7 /* GitHubTests.xctest */;
			productType = "com.apple.product-type.bundle.unit-test";
		};
/* End PBXNativeTarget section */

/* Begin PBXProject section */
		82910AA21BD48CDF00B665A7 /* Project object */ = {
			isa = PBXProject;
			attributes = {
				LastUpgradeCheck = 0640;
				ORGANIZATIONNAME = echo;
				TargetAttributes = {
					82910AA91BD48CDF00B665A7 = {
						CreatedOnToolsVersion = 6.4;
					};
					82910AC21BD48CDF00B665A7 = {
						CreatedOnToolsVersion = 6.4;
						TestTargetID = 82910AA91BD48CDF00B665A7;
					};
				};
			};
			buildConfigurationList = 82910AA51BD48CDF00B665A7 /* Build configuration list for PBXProject "GitHub" */;
			compatibilityVersion = "Xcode 3.2";
			developmentRegion = English;
			hasScannedForEncodings = 0;
			knownRegions = (
				en,
				Base,
			);
			mainGroup = 82910AA11BD48CDF00B665A7;
			productRefGroup = 82910AAB1BD48CDF00B665A7 /* Products */;
			projectDirPath = "";
			projectRoot = "";
			targets = (
				82910AA91BD48CDF00B665A7 /* GitHub */,
				82910AC21BD48CDF00B665A7 /* GitHubTests */,
			);
		};
/* End PBXProject section */

/* Begin PBXResourcesBuildPhase section */
		82910AA81BD48CDF00B665A7 /* Resources */ = {
			isa = PBXResourcesBuildPhase;
			buildActionMask = 2147483647;
			files = (
				82910AB91BD48CDF00B665A7 /* Main.storyboard in Resources */,
				82910ABE1BD48CDF00B665A7 /* LaunchScreen.xib in Resources */,
				82910ABB1BD48CDF00B665A7 /* Images.xcassets in Resources */,
			);
			runOnlyForDeploymentPostprocessing = 0;
		};
		82910AC11BD48CDF00B665A7 /* Resources */ = {
			isa = PBXResourcesBuildPhase;
			buildActionMask = 2147483647;
			files = (
			);
			runOnlyForDeploymentPostprocessing = 0;
		};
/* End PBXResourcesBuildPhase section */

/* Begin PBXSourcesBuildPhase section */
		82910AA61BD48CDF00B665A7 /* Sources */ = {
			isa = PBXSourcesBuildPhase;
			buildActionMask = 2147483647;
			files = (
				82910AB61BD48CDF00B665A7 /* ViewController.m in Sources */,
				82910AB31BD48CDF00B665A7 /* AppDelegate.m in Sources */,
				82910AB01BD48CDF00B665A7 /* main.m in Sources */,
			);
			runOnlyForDeploymentPostprocessing = 0;
		};
		82910ABF1BD48CDF00B665A7 /* Sources */ = {
			isa = PBXSourcesBuildPhase;
			buildActionMask = 2147483647;
			files = (
				82910ACA1BD48CDF00B665A7 /* GitHubTests.m in Sources */,
			);
			runOnlyForDeploymentPostprocessing = 0;
		};
/* End PBXSourcesBuildPhase section */

/* Begin PBXTargetDependency section */
		82910AC51BD48CDF00B665A7 /* PBXTargetDependency */ = {
			isa = PBXTargetDependency;
			target = 82910AA91BD48CDF00B665A7 /* GitHub */;
			targetProxy = 82910AC41BD48CDF00B665A7 /* PBXContainerItemProxy */;
		};
/* End PBXTargetDependency section */

/* Begin PBXVariantGroup section */
		82910AB71BD48CDF00B665A7 /* Main.storyboard */ = {
			isa = PBXVariantGroup;
			children = (
				82910AB81BD48CDF00B665A7 /* Base */,
			);
			name = Main.storyboard;
			sourceTree = "<group>";
		};
		82910ABC1BD48CDF00B665A7 /* LaunchScreen.xib */ = {
			isa = PBXVariantGroup;
			children = (
				82910ABD1BD48CDF00B665A7 /* Base */,
			);
			name = LaunchScreen.xib;
			sourceTree = "<group>";
		};
/* End PBXVariantGroup section */

/* Begin XCBuildConfiguration section */
		82910ACB1BD48CDF00B665A7 /* Debug */ = {
			isa = XCBuildConfiguration;
			buildSettings = {
				ALWAYS_SEARCH_USER_PATHS = NO;
				CLANG_CXX_LANGUAGE_STANDARD = "gnu++0x";
				CLANG_CXX_LIBRARY = "libc++";
				CLANG_ENABLE_MODULES = YES;
				CLANG_ENABLE_OBJC_ARC = YES;
				CLANG_WARN_BOOL_CONVERSION = YES;
				CLANG_WARN_CONSTANT_CONVERSION = YES;
				CLANG_WARN_DIRECT_OBJC_ISA_USAGE = YES_ERROR;
				CLANG_WARN_EMPTY_BODY = YES;
				CLANG_WARN_ENUM_CONVERSION = YES;
				CLANG_WARN_INT_CONVERSION = YES;
				CLANG_WARN_OBJC_ROOT_CLASS = YES_ERROR;
				CLANG_WARN_UNREACHABLE_CODE = YES;
				CLANG_WARN__DUPLICATE_METHOD_MATCH = YES;
				"CODE_SIGN_IDENTITY[sdk=iphoneos*]" = "iPhone Developer";
				COPY_PHASE_STRIP = NO;
				DEBUG_INFORMATION_FORMAT = "dwarf-with-dsym";
				ENABLE_STRICT_OBJC_MSGSEND = YES;
				GCC_C_LANGUAGE_STANDARD = gnu99;
				GCC_DYNAMIC_NO_PIC = NO;
				GCC_NO_COMMON_BLOCKS = YES;
				GCC_OPTIMIZATION_LEVEL = 0;
				GCC_PREPROCESSOR_DEFINITIONS = (
					"DEBUG=1",
					"$(inherited)",
				);
				GCC_SYMBOLS_PRIVATE_EXTERN = NO;
				GCC_WARN_64_TO_32_BIT_CONVERSION = YES;
				GCC_WARN_ABOUT_RETURN_TYPE = YES_ERROR;
				GCC_WARN_UNDECLARED_SELECTOR = YES;
				GCC_WARN_UNINITIALIZED_AUTOS = YES_AGGRESSIVE;
				GCC_WARN_UNUSED_FUNCTION = YES;
				GCC_WARN_UNUSED_VARIABLE = YES;
				IPHONEOS_DEPLOYMENT_TARGET = 8.4;
				MTL_ENABLE_DEBUG_INFO = YES;
				ONLY_ACTIVE_ARCH = YES;
				SDKROOT = iphoneos;
				TARGETED_DEVICE_FAMILY = "1,2";
			};
			name = Debug;
		};
		82910ACC1BD48CDF00B665A7 /* Release */ = {
			isa = XCBuildConfiguration;
			buildSettings = {
				ALWAYS_SEARCH_USER_PATHS = NO;
				CLANG_CXX_LANGUAGE_STANDARD = "gnu++0x";
				CLANG_CXX_LIBRARY = "libc++";
				CLANG_ENABLE_MODULES = YES;
				CLANG_ENABLE_OBJC_ARC = YES;
				CLANG_WARN_BOOL_CONVERSION = YES;
				CLANG_WARN_CONSTANT_CONVERSION = YES;
				CLANG_WARN_DIRECT_OBJC_ISA_USAGE = YES_ERROR;
				CLANG_WARN_EMPTY_BODY = YES;
				CLANG_WARN_ENUM_CONVERSION = YES;
				CLANG_WARN_INT_CONVERSION = YES;
				CLANG_WARN_OBJC_ROOT_CLASS = YES_ERROR;
				CLANG_WARN_UNREACHABLE_CODE = YES;
				CLANG_WARN__DUPLICATE_METHOD_MATCH = YES;
				"CODE_SIGN_IDENTITY[sdk=iphoneos*]" = "iPhone Developer";
				COPY_PHASE_STRIP = NO;
				DEBUG_INFORMATION_FORMAT = "dwarf-with-dsym";
				ENABLE_NS_ASSERTIONS = NO;
				ENABLE_STRICT_OBJC_MSGSEND = YES;
				GCC_C_LANGUAGE_STANDARD = gnu99;
				GCC_NO_COMMON_BLOCKS = YES;
				GCC_WARN_64_TO_32_BIT_CONVERSION = YES;
				GCC_WARN_ABOUT_RETURN_TYPE = YES_ERROR;
				GCC_WARN_UNDECLARED_SELECTOR = YES;
				GCC_WARN_UNINITIALIZED_AUTOS = YES_AGGRESSIVE;
				GCC_WARN_UNUSED_FUNCTION = YES;
				GCC_WARN_UNUSED_VARIABLE = YES;
				IPHONEOS_DEPLOYMENT_TARGET = 8.4;
				MTL_ENABLE_DEBUG_INFO = NO;
				SDKROOT = iphoneos;
				TARGETED_DEVICE_FAMILY = "1,2";
				VALIDATE_PRODUCT = YES;
			};
			name = Release;
		};
		82910ACE1BD48CDF00B665A7 /* Debug */ = {
			isa = XCBuildConfiguration;
			buildSettings = {
				ASSETCATALOG_COMPILER_APPICON_NAME = AppIcon;
				INFOPLIST_FILE = GitHub/Info.plist;
				LD_RUNPATH_SEARCH_PATHS = "$(inherited) @executable_path/Frameworks";
				PRODUCT_NAME = "$(TARGET_NAME)";
			};
			name = Debug;
		};
		82910ACF1BD48CDF00B665A7 /* Release */ = {
			isa = XCBuildConfiguration;
			buildSettings = {
				ASSETCATALOG_COMPILER_APPICON_NAME = AppIcon;
				INFOPLIST_FILE = GitHub/Info.plist;
				LD_RUNPATH_SEARCH_PATHS = "$(inherited) @executable_path/Frameworks";
				PRODUCT_NAME = "$(TARGET_NAME)";
			};
			name = Release;
		};
		82910AD11BD48CDF00B665A7 /* Debug */ = {
			isa = XCBuildConfiguration;
			buildSettings = {
				BUNDLE_LOADER = "$(TEST_HOST)";
				FRAMEWORK_SEARCH_PATHS = (
					"$(SDKROOT)/Developer/Library/Frameworks",
					"$(inherited)",
				);
				GCC_PREPROCESSOR_DEFINITIONS = (
					"DEBUG=1",
					"$(inherited)",
				);
				INFOPLIST_FILE = GitHubTests/Info.plist;
				LD_RUNPATH_SEARCH_PATHS = "$(inherited) @executable_path/Frameworks @loader_path/Frameworks";
				PRODUCT_NAME = "$(TARGET_NAME)";
				TEST_HOST = "$(BUILT_PRODUCTS_DIR)/GitHub.app/GitHub";
			};
			name = Debug;
		};
		82910AD21BD48CDF00B665A7 /* Release */ = {
			isa = XCBuildConfiguration;
			buildSettings = {
				BUNDLE_LOADER = "$(TEST_HOST)";
				FRAMEWORK_SEARCH_PATHS = (
					"$(SDKROOT)/Developer/Library/Frameworks",
					"$(inherited)",
				);
				INFOPLIST_FILE = GitHubTests/Info.plist;
				LD_RUNPATH_SEARCH_PATHS = "$(inherited) @executable_path/Frameworks @loader_path/Frameworks";
				PRODUCT_NAME = "$(TARGET_NAME)";
				TEST_HOST = "$(BUILT_PRODUCTS_DIR)/GitHub.app/GitHub";
			};
			name = Release;
		};
/* End XCBuildConfiguration section */

/* Begin XCConfigurationList section */
		82910AA51BD48CDF00B665A7 /* Build configuration list for PBXProject "GitHub" */ = {
			isa = XCConfigurationList;
			buildConfigurations = (
				82910ACB1BD48CDF00B665A7 /* Debug */,
				82910ACC1BD48CDF00B665A7 /* Release */,
			);
			defaultConfigurationIsVisible = 0;
			defaultConfigurationName = Release;
		};
		82910ACD1BD48CDF00B665A7 /* Build configuration list for PBXNativeTarget "GitHub" */ = {
			isa = XCConfigurationList;
			buildConfigurations = (
				82910ACE1BD48CDF00B665A7 /* Debug */,
				82910ACF1BD48CDF00B665A7 /* Release */,
			);
			defaultConfigurationIsVisible = 0;
		};
		82910AD01BD48CDF00B665A7 /* Build configuration list for PBXNativeTarget "GitHubTests" */ = {
			isa = XCConfigurationList;
			buildConfigurations = (
				82910AD11BD48CDF00B665A7 /* Debug */,
				82910AD21BD48CDF00B665A7 /* Release */,
			);
			defaultConfigurationIsVisible = 0;
		};
/* End XCConfigurationList section */
	};
	rootObject = 82910AA21BD48CDF00B665A7 /* Project object */;
}
